
Microsoft Visual Studio Solution File, Format Version 12.00
# Visual Studio Version 17
VisualStudioVersion = 17.14.36203.30 d17.14
MinimumVisualStudioVersion = 10.0.40219.1
Project("{FAE04EC0-301F-11D3-BF4B-00C04F79EFBC}") = "SystemHealthLogger", "SystemHealthLogger\SystemHealthLogger.csproj", "{06FA8616-4FDF-4FBD-A055-601EDBE9C887}"
EndProject
Global
	GlobalSection(SolutionConfigurationPlatforms) = preSolution
		Debug|Any CPU = Debug|Any CPU
		Debug|x64 = Debug|x64
		Release|Any CPU = Release|Any CPU
		Release|x64 = Release|x64
	EndGlobalSection
	GlobalSection(ProjectConfigurationPlatforms) = postSolution
		{06FA8616-4FDF-4FBD-A055-601EDBE9C887}.Debug|Any CPU.ActiveCfg = Debug|Any CPU
		{06FA8616-4FDF-4FBD-A055-601EDBE9C887}.Debug|Any CPU.Build.0 = Debug|Any CPU
		{06FA8616-4FDF-4FBD-A055-601EDBE9C887}.Debug|x64.ActiveCfg = Debug|x64
		{06FA8616-4FDF-4FBD-A055-601EDBE9C887}.Debug|x64.Build.0 = Debug|x64
		{06FA8616-4FDF-4FBD-A055-601EDBE9C887}.Release|Any CPU.ActiveCfg = Release|Any CPU
		{06FA8616-4FDF-4FBD-A055-601EDBE9C887}.Release|Any CPU.Build.0 = Release|Any CPU
		{06FA8616-4FDF-4FBD-A055-601EDBE9C887}.Release|x64.ActiveCfg = Release|x64
		{06FA8616-4FDF-4FBD-A055-601EDBE9C887}.Release|x64.Build.0 = Release|x64
	EndGlobalSection
	GlobalSection(SolutionProperties) = preSolution
		HideSolutionNode = FALSE
	EndGlobalSection
	GlobalSection(ExtensibilityGlobals) = postSolution
		SolutionGuid = {BAE3C33C-6E96-4F41-9E37-F5D62FFC83B1}
	EndGlobalSection
EndGlobal
